{
  "name": "algorithm",
  "version": "1.0.0",
  "lockfileVersion": 1,
  "requires": true,
  "dependencies": {
    "ranked": {
      "version": "0.4.0",
      "resolved": "https://registry.npmjs.org/ranked/-/ranked-0.4.0.tgz",
      "integrity": "sha512-ykSnRX/TU2/OY79WMX54fV0rQsGx8gDzuRzNQr+ol0RFkSbsao/epChNouL0dBmwrkycFP3xrCgLigC1qu1DTQ=="
    }
  }
}
